
Microsoft Visual Studio Solution File, Format Version 12.00
# Visual Studio 15
VisualStudioVersion = 15.0.27428.2037
MinimumVisualStudioVersion = 10.0.40219.1
Project("{9A19103F-16F7-4668-BE54-9A1E7A4F7556}") = "CardsBot", "CardsBot.csproj", "{8AC8E384-3AF4-4617-82F9-3DE916D7FE2E}"
EndProject
Global
	GlobalSection(SolutionConfigurationPlatforms) = preSolution
		Debug|Any CPU = Debug|Any CPU
		Release|Any CPU = Release|Any CPU
	EndGlobalSection
	GlobalSection(ProjectConfigurationPlatforms) = postSolution
		{8AC8E384-3AF4-4617-82F9-3DE916D7FE2E}.Debug|Any CPU.ActiveCfg = Debug|Any CPU
		{8AC8E384-3AF4-4617-82F9-3DE916D7FE2E}.Debug|Any CPU.Build.0 = Debug|Any CPU
		{8AC8E384-3AF4-4617-82F9-3DE916D7FE2E}.Release|Any CPU.ActiveCfg = Release|Any CPU
		{8AC8E384-3AF4-4617-82F9-3DE916D7FE2E}.Release|Any CPU.Build.0 = Release|Any CPU
	EndGlobalSection
	GlobalSection(SolutionProperties) = preSolution
		HideSolutionNode = FALSE
	EndGlobalSection
	GlobalSection(ExtensibilityGlobals) = postSolution
		SolutionGuid = {1C33483C-05DF-4365-9A0A-03AAC8B8C8B5}
	EndGlobalSection
EndGlobal
